// !$*UTF8*$!
{
	archiveVersion = 1;
	classes = {
	};
	objectVersion = 56;
	objects = {

/* Begin PBXBuildFile section */
		248D8A492CAA3B1A004BB682 /* ComposableArchitecture in Frameworks */ = {isa = PBXBuildFile; productRef = 248D8A482CAA3B1A004BB682 /* ComposableArchitecture */; };
		24918F112CA72A8200DE33CF /* login_screen.swift in Sources */ = {isa = PBXBuildFile; fileRef = 24918F102CA72A8200DE33CF /* login_screen.swift */; };
		24918F152CA72B4000DE33CF /* colors.swift in Sources */ = {isa = PBXBuildFile; fileRef = 24918F142CA72B4000DE33CF /* colors.swift */; };
		24918F192CA7331400DE33CF /* layout_view.swift in Sources */ = {isa = PBXBuildFile; fileRef = 24918F182CA7331400DE33CF /* layout_view.swift */; };
		24918F1E2CA7916600DE33CF /* layout_sice.swift in Sources */ = {isa = PBXBuildFile; fileRef = 24918F1D2CA7916600DE33CF /* layout_sice.swift */; };
		24C241D72C9BE34B0086F8F9 /* voyansiApp.swift in Sources */ = {isa = PBXBuildFile; fileRef = 24C241D62C9BE34B0086F8F9 /* voyansiApp.swift */; };
		24C241D92C9BE34B0086F8F9 /* main_view.swift in Sources */ = {isa = PBXBuildFile; fileRef = 24C241D82C9BE34B0086F8F9 /* main_view.swift */; };
		24C241DB2C9BE3500086F8F9 /* Assets.xcassets in Resources */ = {isa = PBXBuildFile; fileRef = 24C241DA2C9BE3500086F8F9 /* Assets.xcassets */; };
		24C241DE2C9BE3500086F8F9 /* Preview Assets.xcassets in Resources */ = {isa = PBXBuildFile; fileRef = 24C241DD2C9BE3500086F8F9 /* Preview Assets.xcassets */; };
		24DD46882CA8D4C800331D9D /* vlaunch_screen.storyboard in Resources */ = {isa = PBXBuildFile; fileRef = 24DD46872CA8D4C800331D9D /* vlaunch_screen.storyboard */; };
		24DD468A2CA8DC8A00331D9D /* launch_screen.swift in Sources */ = {isa = PBXBuildFile; fileRef = 24DD46892CA8DC8900331D9D /* launch_screen.swift */; };
		24DD468E2CA8E5E400331D9D /* circular_loading_indicator.swift in Sources */ = {isa = PBXBuildFile; fileRef = 24DD468D2CA8E5E400331D9D /* circular_loading_indicator.swift */; };
/* End PBXBuildFile section */

/* Begin PBXFileReference section */
		24918F102CA72A8200DE33CF /* login_screen.swift */ = {isa = PBXFileReference; lastKnownFileType = sourcecode.swift; path = login_screen.swift; sourceTree = "<group>"; };
		24918F142CA72B4000DE33CF /* colors.swift */ = {isa = PBXFileReference; lastKnownFileType = sourcecode.swift; path = colors.swift; sourceTree = "<group>"; };
		24918F182CA7331400DE33CF /* layout_view.swift */ = {isa = PBXFileReference; lastKnownFileType = sourcecode.swift; path = layout_view.swift; sourceTree = "<group>"; };
		24918F1D2CA7916600DE33CF /* layout_sice.swift */ = {isa = PBXFileReference; lastKnownFileType = sourcecode.swift; path = layout_sice.swift; sourceTree = "<group>"; };
		24C241D32C9BE34B0086F8F9 /* voyansi.app */ = {isa = PBXFileReference; explicitFileType = wrapper.application; includeInIndex = 0; path = voyansi.app; sourceTree = BUILT_PRODUCTS_DIR; };
		24C241D62C9BE34B0086F8F9 /* voyansiApp.swift */ = {isa = PBXFileReference; lastKnownFileType = sourcecode.swift; path = voyansiApp.swift; sourceTree = "<group>"; };
		24C241D82C9BE34B0086F8F9 /* main_view.swift */ = {isa = PBXFileReference; lastKnownFileType = sourcecode.swift; path = main_view.swift; sourceTree = "<group>"; };
		24C241DA2C9BE3500086F8F9 /* Assets.xcassets */ = {isa = PBXFileReference; lastKnownFileType = folder.assetcatalog; path = Assets.xcassets; sourceTree = "<group>"; };
		24C241DD2C9BE3500086F8F9 /* Preview Assets.xcassets */ = {isa = PBXFileReference; lastKnownFileType = folder.assetcatalog; path = "Preview Assets.xcassets"; sourceTree = "<group>"; };
		24DD46872CA8D4C800331D9D /* vlaunch_screen.storyboard */ = {isa = PBXFileReference; lastKnownFileType = file.storyboard; path = vlaunch_screen.storyboard; sourceTree = "<group>"; };
		24DD46892CA8DC8900331D9D /* launch_screen.swift */ = {isa = PBXFileReference; lastKnownFileType = sourcecode.swift; path = launch_screen.swift; sourceTree = "<group>"; };
		24DD468D2CA8E5E400331D9D /* circular_loading_indicator.swift */ = {isa = PBXFileReference; lastKnownFileType = sourcecode.swift; path = circular_loading_indicator.swift; sourceTree = "<group>"; };
/* End PBXFileReference section */

/* Begin PBXFrameworksBuildPhase section */
		24C241D02C9BE34B0086F8F9 /* Frameworks */ = {
			isa = PBXFrameworksBuildPhase;
			buildActionMask = 2147483647;
			files = (
				248D8A492CAA3B1A004BB682 /* ComposableArchitecture in Frameworks */,
			);
			runOnlyForDeploymentPostprocessing = 0;
		};
/* End PBXFrameworksBuildPhase section */

/* Begin PBXGroup section */
		24918F092CA72A3500DE33CF /* core */ = {
			isa = PBXGroup;
			children = (
				24DD468C2CA8E5BC00331D9D /* shared */,
				24DD468B2CA8E5B200331D9D /* layouts */,
				24918F162CA732FD00DE33CF /* utils */,
				24918F132CA72A9800DE33CF /* theme */,
				24DD46872CA8D4C800331D9D /* vlaunch_screen.storyboard */,
			);
			path = core;
			sourceTree = "<group>";
		};
		24918F0A2CA72A3C00DE33CF /* modules */ = {
			isa = PBXGroup;
			children = (
				24C241D82C9BE34B0086F8F9 /* main_view.swift */,
				24918F0B2CA72A4300DE33CF /* auth */,
			);
			path = modules;
			sourceTree = "<group>";
		};
		24918F0B2CA72A4300DE33CF /* auth */ = {
			isa = PBXGroup;
			children = (
				24918F0D2CA72A6000DE33CF /* domain */,
				24918F0C2CA72A4900DE33CF /* presentation */,
			);
			path = auth;
			sourceTree = "<group>";
		};
		24918F0C2CA72A4900DE33CF /* presentation */ = {
			isa = PBXGroup;
			children = (
				24918F122CA72A8D00DE33CF /* controllers */,
				24918F0F2CA72A6B00DE33CF /* components */,
				24918F0E2CA72A6600DE33CF /* screens */,
			);
			path = presentation;
			sourceTree = "<group>";
		};
		24918F0D2CA72A6000DE33CF /* domain */ = {
			isa = PBXGroup;
			children = (
			);
			path = domain;
			sourceTree = "<group>";
		};
		24918F0E2CA72A6600DE33CF /* screens */ = {
			isa = PBXGroup;
			children = (
				24918F102CA72A8200DE33CF /* login_screen.swift */,
			);
			path = screens;
			sourceTree = "<group>";
		};
		24918F0F2CA72A6B00DE33CF /* components */ = {
			isa = PBXGroup;
			children = (
			);
			path = components;
			sourceTree = "<group>";
		};
		24918F122CA72A8D00DE33CF /* controllers */ = {
			isa = PBXGroup;
			children = (
			);
			path = controllers;
			sourceTree = "<group>";
		};
		24918F132CA72A9800DE33CF /* theme */ = {
			isa = PBXGroup;
			children = (
				24918F142CA72B4000DE33CF /* colors.swift */,
			);
			path = theme;
			sourceTree = "<group>";
		};
		24918F162CA732FD00DE33CF /* utils */ = {
			isa = PBXGroup;
			children = (
				24DD46892CA8DC8900331D9D /* launch_screen.swift */,
			);
			path = utils;
			sourceTree = "<group>";
		};
		24918F1F2CA7918500DE33CF /* Frameworks */ = {
			isa = PBXGroup;
			children = (
			);
			name = Frameworks;
			sourceTree = "<group>";
		};
		24C241CA2C9BE34B0086F8F9 = {
			isa = PBXGroup;
			children = (
				24C241D52C9BE34B0086F8F9 /* voyansi */,
				24C241D42C9BE34B0086F8F9 /* Products */,
				24918F1F2CA7918500DE33CF /* Frameworks */,
			);
			sourceTree = "<group>";
		};
		24C241D42C9BE34B0086F8F9 /* Products */ = {
			isa = PBXGroup;
			children = (
				24C241D32C9BE34B0086F8F9 /* voyansi.app */,
			);
			name = Products;
			sourceTree = "<group>";
		};
		24C241D52C9BE34B0086F8F9 /* voyansi */ = {
			isa = PBXGroup;
			children = (
				24918F0A2CA72A3C00DE33CF /* modules */,
				24918F092CA72A3500DE33CF /* core */,
				24C241D62C9BE34B0086F8F9 /* voyansiApp.swift */,
				24C241DA2C9BE3500086F8F9 /* Assets.xcassets */,
				24C241DC2C9BE3500086F8F9 /* Preview Content */,
			);
			path = voyansi;
			sourceTree = "<group>";
		};
		24C241DC2C9BE3500086F8F9 /* Preview Content */ = {
			isa = PBXGroup;
			children = (
				24C241DD2C9BE3500086F8F9 /* Preview Assets.xcassets */,
			);
			path = "Preview Content";
			sourceTree = "<group>";
		};
		24DD468B2CA8E5B200331D9D /* layouts */ = {
			isa = PBXGroup;
			children = (
				24918F182CA7331400DE33CF /* layout_view.swift */,
				24918F1D2CA7916600DE33CF /* layout_sice.swift */,
			);
			path = layouts;
			sourceTree = "<group>";
		};
		24DD468C2CA8E5BC00331D9D /* shared */ = {
			isa = PBXGroup;
			children = (
				24DD468D2CA8E5E400331D9D /* circular_loading_indicator.swift */,
			);
			path = shared;
			sourceTree = "<group>";
		};
/* End PBXGroup section */

/* Begin PBXNativeTarget section */
		24C241D22C9BE34B0086F8F9 /* voyansi */ = {
			isa = PBXNativeTarget;
			buildConfigurationList = 24C241E12C9BE3500086F8F9 /* Build configuration list for PBXNativeTarget "voyansi" */;
			buildPhases = (
				24C241CF2C9BE34B0086F8F9 /* Sources */,
				24C241D02C9BE34B0086F8F9 /* Frameworks */,
				24C241D12C9BE34B0086F8F9 /* Resources */,
			);
			buildRules = (
			);
			dependencies = (
			);
			name = voyansi;
			packageProductDependencies = (
				248D8A482CAA3B1A004BB682 /* ComposableArchitecture */,
			);
			productName = voyansi;
			productReference = 24C241D32C9BE34B0086F8F9 /* voyansi.app */;
			productType = "com.apple.product-type.application";
		};
/* End PBXNativeTarget section */

/* Begin PBXProject section */
		24C241CB2C9BE34B0086F8F9 /* Project object */ = {
			isa = PBXProject;
			attributes = {
				BuildIndependentTargetsInParallel = 1;
				LastSwiftUpdateCheck = 1540;
				LastUpgradeCheck = 1540;
				TargetAttributes = {
					24C241D22C9BE34B0086F8F9 = {
						CreatedOnToolsVersion = 15.4;
					};
				};
			};
			buildConfigurationList = 24C241CE2C9BE34B0086F8F9 /* Build configuration list for PBXProject "voyansi" */;
			compatibilityVersion = "Xcode 14.0";
			developmentRegion = en;
			hasScannedForEncodings = 0;
			knownRegions = (
				en,
				Base,
			);
			mainGroup = 24C241CA2C9BE34B0086F8F9;
			packageReferences = (
				248D8A472CAA3B1A004BB682 /* XCRemoteSwiftPackageReference "swift-composable-architecture" */,
			);
			productRefGroup = 24C241D42C9BE34B0086F8F9 /* Products */;
			projectDirPath = "";
			projectRoot = "";
			targets = (
				24C241D22C9BE34B0086F8F9 /* voyansi */,
			);
		};
/* End PBXProject section */

/* Begin PBXResourcesBuildPhase section */
		24C241D12C9BE34B0086F8F9 /* Resources */ = {
			isa = PBXResourcesBuildPhase;
			buildActionMask = 2147483647;
			files = (
				24DD46882CA8D4C800331D9D /* vlaunch_screen.storyboard in Resources */,
				24C241DE2C9BE3500086F8F9 /* Preview Assets.xcassets in Resources */,
				24C241DB2C9BE3500086F8F9 /* Assets.xcassets in Resources */,
			);
			runOnlyForDeploymentPostprocessing = 0;
		};
/* End PBXResourcesBuildPhase section */

/* Begin PBXSourcesBuildPhase section */
		24C241CF2C9BE34B0086F8F9 /* Sources */ = {
			isa = PBXSourcesBuildPhase;
			buildActionMask = 2147483647;
			files = (
				24C241D92C9BE34B0086F8F9 /* main_view.swift in Sources */,
				24918F152CA72B4000DE33CF /* colors.swift in Sources */,
				24DD468E2CA8E5E400331D9D /* circular_loading_indicator.swift in Sources */,
				24C241D72C9BE34B0086F8F9 /* voyansiApp.swift in Sources */,
				24918F192CA7331400DE33CF /* layout_view.swift in Sources */,
				24DD468A2CA8DC8A00331D9D /* launch_screen.swift in Sources */,
				24918F1E2CA7916600DE33CF /* layout_sice.swift in Sources */,
				24918F112CA72A8200DE33CF /* login_screen.swift in Sources */,
			);
			runOnlyForDeploymentPostprocessing = 0;
		};
/* End PBXSourcesBuildPhase section */

/* Begin XCBuildConfiguration section */
		24C241DF2C9BE3500086F8F9 /* Debug */ = {
			isa = XCBuildConfiguration;
			buildSettings = {
				ALWAYS_SEARCH_USER_PATHS = NO;
				ASSETCATALOG_COMPILER_GENERATE_SWIFT_ASSET_SYMBOL_EXTENSIONS = YES;
				CLANG_ANALYZER_NONNULL = YES;
				CLANG_ANALYZER_NUMBER_OBJECT_CONVERSION = YES_AGGRESSIVE;
				CLANG_CXX_LANGUAGE_STANDARD = "gnu++20";
				CLANG_ENABLE_MODULES = YES;
				CLANG_ENABLE_OBJC_ARC = YES;
				CLANG_ENABLE_OBJC_WEAK = YES;
				CLANG_WARN_BLOCK_CAPTURE_AUTORELEASING = YES;
				CLANG_WARN_BOOL_CONVERSION = YES;
				CLANG_WARN_COMMA = YES;
				CLANG_WARN_CONSTANT_CONVERSION = YES;
				CLANG_WARN_DEPRECATED_OBJC_IMPLEMENTATIONS = YES;
				CLANG_WARN_DIRECT_OBJC_ISA_USAGE = YES_ERROR;
				CLANG_WARN_DOCUMENTATION_COMMENTS = YES;
				CLANG_WARN_EMPTY_BODY = YES;
				CLANG_WARN_ENUM_CONVERSION = YES;
				CLANG_WARN_INFINITE_RECURSION = YES;
				CLANG_WARN_INT_CONVERSION = YES;
				CLANG_WARN_NON_LITERAL_NULL_CONVERSION = YES;
				CLANG_WARN_OBJC_IMPLICIT_RETAIN_SELF = YES;
				CLANG_WARN_OBJC_LITERAL_CONVERSION = YES;
				CLANG_WARN_OBJC_ROOT_CLASS = YES_ERROR;
				CLANG_WARN_QUOTED_INCLUDE_IN_FRAMEWORK_HEADER = YES;
				CLANG_WARN_RANGE_LOOP_ANALYSIS = YES;
				CLANG_WARN_STRICT_PROTOTYPES = YES;
				CLANG_WARN_SUSPICIOUS_MOVE = YES;
				CLANG_WARN_UNGUARDED_AVAILABILITY = YES_AGGRESSIVE;
				CLANG_WARN_UNREACHABLE_CODE = YES;
				CLANG_WARN__DUPLICATE_METHOD_MATCH = YES;
				COPY_PHASE_STRIP = NO;
				DEBUG_INFORMATION_FORMAT = dwarf;
				ENABLE_STRICT_OBJC_MSGSEND = YES;
				ENABLE_TESTABILITY = YES;
				ENABLE_USER_SCRIPT_SANDBOXING = YES;
				GCC_C_LANGUAGE_STANDARD = gnu17;
				GCC_DYNAMIC_NO_PIC = NO;
				GCC_NO_COMMON_BLOCKS = YES;
				GCC_OPTIMIZATION_LEVEL = 0;
				GCC_PREPROCESSOR_DEFINITIONS = (
					"DEBUG=1",
					"$(inherited)",
				);
				GCC_WARN_64_TO_32_BIT_CONVERSION = YES;
				GCC_WARN_ABOUT_RETURN_TYPE = YES_ERROR;
				GCC_WARN_UNDECLARED_SELECTOR = YES;
				GCC_WARN_UNINITIALIZED_AUTOS = YES_AGGRESSIVE;
				GCC_WARN_UNUSED_FUNCTION = YES;
				GCC_WARN_UNUSED_VARIABLE = YES;
				IPHONEOS_DEPLOYMENT_TARGET = 17.5;
				LOCALIZATION_PREFERS_STRING_CATALOGS = YES;
				MTL_ENABLE_DEBUG_INFO = INCLUDE_SOURCE;
				MTL_FAST_MATH = YES;
				ONLY_ACTIVE_ARCH = YES;
				SDKROOT = iphoneos;
				SWIFT_ACTIVE_COMPILATION_CONDITIONS = "DEBUG $(inherited)";
				SWIFT_OPTIMIZATION_LEVEL = "-Onone";
			};
			name = Debug;
		};
		24C241E02C9BE3500086F8F9 /* Release */ = {
			isa = XCBuildConfiguration;
			buildSettings = {
				ALWAYS_SEARCH_USER_PATHS = NO;
				ASSETCATALOG_COMPILER_GENERATE_SWIFT_ASSET_SYMBOL_EXTENSIONS = YES;
				CLANG_ANALYZER_NONNULL = YES;
				CLANG_ANALYZER_NUMBER_OBJECT_CONVERSION = YES_AGGRESSIVE;
				CLANG_CXX_LANGUAGE_STANDARD = "gnu++20";
				CLANG_ENABLE_MODULES = YES;
				CLANG_ENABLE_OBJC_ARC = YES;
				CLANG_ENABLE_OBJC_WEAK = YES;
				CLANG_WARN_BLOCK_CAPTURE_AUTORELEASING = YES;
				CLANG_WARN_BOOL_CONVERSION = YES;
				CLANG_WARN_COMMA = YES;
				CLANG_WARN_CONSTANT_CONVERSION = YES;
				CLANG_WARN_DEPRECATED_OBJC_IMPLEMENTATIONS = YES;
				CLANG_WARN_DIRECT_OBJC_ISA_USAGE = YES_ERROR;
				CLANG_WARN_DOCUMENTATION_COMMENTS = YES;
				CLANG_WARN_EMPTY_BODY = YES;
				CLANG_WARN_ENUM_CONVERSION = YES;
				CLANG_WARN_INFINITE_RECURSION = YES;
				CLANG_WARN_INT_CONVERSION = YES;
				CLANG_WARN_NON_LITERAL_NULL_CONVERSION = YES;
				CLANG_WARN_OBJC_IMPLICIT_RETAIN_SELF = YES;
				CLANG_WARN_OBJC_LITERAL_CONVERSION = YES;
				CLANG_WARN_OBJC_ROOT_CLASS = YES_ERROR;
				CLANG_WARN_QUOTED_INCLUDE_IN_FRAMEWORK_HEADER = YES;
				CLANG_WARN_RANGE_LOOP_ANALYSIS = YES;
				CLANG_WARN_STRICT_PROTOTYPES = YES;
				CLANG_WARN_SUSPICIOUS_MOVE = YES;
				CLANG_WARN_UNGUARDED_AVAILABILITY = YES_AGGRESSIVE;
				CLANG_WARN_UNREACHABLE_CODE = YES;
				CLANG_WARN__DUPLICATE_METHOD_MATCH = YES;
				COPY_PHASE_STRIP = NO;
				DEBUG_INFORMATION_FORMAT = "dwarf-with-dsym";
				ENABLE_NS_ASSERTIONS = NO;
				ENABLE_STRICT_OBJC_MSGSEND = YES;
				ENABLE_USER_SCRIPT_SANDBOXING = YES;
				GCC_C_LANGUAGE_STANDARD = gnu17;
				GCC_NO_COMMON_BLOCKS = YES;
				GCC_WARN_64_TO_32_BIT_CONVERSION = YES;
				GCC_WARN_ABOUT_RETURN_TYPE = YES_ERROR;
				GCC_WARN_UNDECLARED_SELECTOR = YES;
				GCC_WARN_UNINITIALIZED_AUTOS = YES_AGGRESSIVE;
				GCC_WARN_UNUSED_FUNCTION = YES;
				GCC_WARN_UNUSED_VARIABLE = YES;
				IPHONEOS_DEPLOYMENT_TARGET = 17.5;
				LOCALIZATION_PREFERS_STRING_CATALOGS = YES;
				MTL_ENABLE_DEBUG_INFO = NO;
				MTL_FAST_MATH = YES;
				SDKROOT = iphoneos;
				SWIFT_COMPILATION_MODE = wholemodule;
				VALIDATE_PRODUCT = YES;
			};
			name = Release;
		};
		24C241E22C9BE3500086F8F9 /* Debug */ = {
			isa = XCBuildConfiguration;
			buildSettings = {
				ASSETCATALOG_COMPILER_APPICON_NAME = AppIcon;
				ASSETCATALOG_COMPILER_GLOBAL_ACCENT_COLOR_NAME = AccentColor;
				CODE_SIGN_STYLE = Automatic;
				CURRENT_PROJECT_VERSION = 1;
				DEVELOPMENT_ASSET_PATHS = "\"voyansi/Preview Content\"";
				DEVELOPMENT_TEAM = 9456J83U89;
				ENABLE_PREVIEWS = YES;
				GENERATE_INFOPLIST_FILE = YES;
				INFOPLIST_KEY_UIApplicationSceneManifest_Generation = YES;
				INFOPLIST_KEY_UIApplicationSupportsIndirectInputEvents = YES;
				INFOPLIST_KEY_UILaunchScreen_Generation = YES;
				INFOPLIST_KEY_UILaunchStoryboardName = vlaunch_screen.storyboard;
				INFOPLIST_KEY_UISupportedInterfaceOrientations_iPad = "UIInterfaceOrientationPortrait UIInterfaceOrientationPortraitUpsideDown UIInterfaceOrientationLandscapeLeft UIInterfaceOrientationLandscapeRight";
				INFOPLIST_KEY_UISupportedInterfaceOrientations_iPhone = "UIInterfaceOrientationPortrait UIInterfaceOrientationLandscapeLeft UIInterfaceOrientationLandscapeRight";
				LD_RUNPATH_SEARCH_PATHS = (
					"$(inherited)",
					"@executable_path/Frameworks",
				);
				MARKETING_VERSION = 1.0;
				PRODUCT_BUNDLE_IDENTIFIER = com.miguelg97.voyansi;
				PRODUCT_NAME = "$(TARGET_NAME)";
				SUPPORTED_PLATFORMS = "iphoneos iphonesimulator";
				SUPPORTS_MACCATALYST = NO;
				SUPPORTS_MAC_DESIGNED_FOR_IPHONE_IPAD = NO;
				SUPPORTS_XR_DESIGNED_FOR_IPHONE_IPAD = NO;
				SWIFT_EMIT_LOC_STRINGS = YES;
				SWIFT_VERSION = 5.0;
				TARGETED_DEVICE_FAMILY = "1,2";
			};
			name = Debug;
		};
		24C241E32C9BE3500086F8F9 /* Release */ = {
			isa = XCBuildConfiguration;
			buildSettings = {
				ASSETCATALOG_COMPILER_APPICON_NAME = AppIcon;
				ASSETCATALOG_COMPILER_GLOBAL_ACCENT_COLOR_NAME = AccentColor;
				CODE_SIGN_STYLE = Automatic;
				CURRENT_PROJECT_VERSION = 1;
				DEVELOPMENT_ASSET_PATHS = "\"voyansi/Preview Content\"";
				DEVELOPMENT_TEAM = 9456J83U89;
				ENABLE_PREVIEWS = YES;
				GENERATE_INFOPLIST_FILE = YES;
				INFOPLIST_KEY_UIApplicationSceneManifest_Generation = YES;
				INFOPLIST_KEY_UIApplicationSupportsIndirectInputEvents = YES;
				INFOPLIST_KEY_UILaunchScreen_Generation = YES;
				INFOPLIST_KEY_UILaunchStoryboardName = vlaunch_screen.storyboard;
				INFOPLIST_KEY_UISupportedInterfaceOrientations_iPad = "UIInterfaceOrientationPortrait UIInterfaceOrientationPortraitUpsideDown UIInterfaceOrientationLandscapeLeft UIInterfaceOrientationLandscapeRight";
				INFOPLIST_KEY_UISupportedInterfaceOrientations_iPhone = "UIInterfaceOrientationPortrait UIInterfaceOrientationLandscapeLeft UIInterfaceOrientationLandscapeRight";
				LD_RUNPATH_SEARCH_PATHS = (
					"$(inherited)",
					"@executable_path/Frameworks",
				);
				MARKETING_VERSION = 1.0;
				PRODUCT_BUNDLE_IDENTIFIER = com.miguelg97.voyansi;
				PRODUCT_NAME = "$(TARGET_NAME)";
				SUPPORTED_PLATFORMS = "iphoneos iphonesimulator";
				SUPPORTS_MACCATALYST = NO;
				SUPPORTS_MAC_DESIGNED_FOR_IPHONE_IPAD = NO;
				SUPPORTS_XR_DESIGNED_FOR_IPHONE_IPAD = NO;
				SWIFT_EMIT_LOC_STRINGS = YES;
				SWIFT_VERSION = 5.0;
				TARGETED_DEVICE_FAMILY = "1,2";
			};
			name = Release;
		};
/* End XCBuildConfiguration section */

/* Begin XCConfigurationList section */
		24C241CE2C9BE34B0086F8F9 /* Build configuration list for PBXProject "voyansi" */ = {
			isa = XCConfigurationList;
			buildConfigurations = (
				24C241DF2C9BE3500086F8F9 /* Debug */,
				24C241E02C9BE3500086F8F9 /* Release */,
			);
			defaultConfigurationIsVisible = 0;
			defaultConfigurationName = Release;
		};
		24C241E12C9BE3500086F8F9 /* Build configuration list for PBXNativeTarget "voyansi" */ = {
			isa = XCConfigurationList;
			buildConfigurations = (
				24C241E22C9BE3500086F8F9 /* Debug */,
				24C241E32C9BE3500086F8F9 /* Release */,
			);
			defaultConfigurationIsVisible = 0;
			defaultConfigurationName = Release;
		};
/* End XCConfigurationList section */

/* Begin XCRemoteSwiftPackageReference section */
		248D8A472CAA3B1A004BB682 /* XCRemoteSwiftPackageReference "swift-composable-architecture" */ = {
			isa = XCRemoteSwiftPackageReference;
			repositoryURL = "https://github.com/pointfreeco/swift-composable-architecture";
			requirement = {
				kind = exactVersion;
				version = 1.15.0;
			};
		};
/* End XCRemoteSwiftPackageReference section */

/* Begin XCSwiftPackageProductDependency section */
		248D8A482CAA3B1A004BB682 /* ComposableArchitecture */ = {
			isa = XCSwiftPackageProductDependency;
			package = 248D8A472CAA3B1A004BB682 /* XCRemoteSwiftPackageReference "swift-composable-architecture" */;
			productName = ComposableArchitecture;
		};
/* End XCSwiftPackageProductDependency section */
	};
	rootObject = 24C241CB2C9BE34B0086F8F9 /* Project object */;
}
